
Microsoft Visual Studio Solution File, Format Version 12.00
# Visual Studio 15
VisualStudioVersion = 15.0.26124.0
MinimumVisualStudioVersion = 15.0.26124.0
Project("{FAE04EC0-301F-11D3-BF4B-00C04F79EFBC}") = "Domain", "Domain\Domain.csproj", "{AE69D17B-F2D7-45B4-A939-B8CB279EE498}"
EndProject
Project("{FAE04EC0-301F-11D3-BF4B-00C04F79EFBC}") = "Application", "Application\Application.csproj", "{9A5ED4B0-D3FC-4A9B-BEE6-AB2B3331066A}"
EndProject
Project("{FAE04EC0-301F-11D3-BF4B-00C04F79EFBC}") = "Persistence", "Persistence\Persistence.csproj", "{23718A61-01CF-4908-AF5F-0B7BAE08279A}"
EndProject
Project("{FAE04EC0-301F-11D3-BF4B-00C04F79EFBC}") = "API", "API\API.csproj", "{F9E705E9-B467-43F2-A2D6-3D4F2FB23795}"
EndProject
Global
	GlobalSection(SolutionConfigurationPlatforms) = preSolution
		Debug|Any CPU = Debug|Any CPU
		Debug|x64 = Debug|x64
		Debug|x86 = Debug|x86
		Release|Any CPU = Release|Any CPU
		Release|x64 = Release|x64
		Release|x86 = Release|x86
	EndGlobalSection
	GlobalSection(SolutionProperties) = preSolution
		HideSolutionNode = FALSE
	EndGlobalSection
	GlobalSection(ProjectConfigurationPlatforms) = postSolution
		{AE69D17B-F2D7-45B4-A939-B8CB279EE498}.Debug|Any CPU.ActiveCfg = Debug|Any CPU
		{AE69D17B-F2D7-45B4-A939-B8CB279EE498}.Debug|Any CPU.Build.0 = Debug|Any CPU
		{AE69D17B-F2D7-45B4-A939-B8CB279EE498}.Debug|x64.ActiveCfg = Debug|Any CPU
		{AE69D17B-F2D7-45B4-A939-B8CB279EE498}.Debug|x64.Build.0 = Debug|Any CPU
		{AE69D17B-F2D7-45B4-A939-B8CB279EE498}.Debug|x86.ActiveCfg = Debug|Any CPU
		{AE69D17B-F2D7-45B4-A939-B8CB279EE498}.Debug|x86.Build.0 = Debug|Any CPU
		{AE69D17B-F2D7-45B4-A939-B8CB279EE498}.Release|Any CPU.ActiveCfg = Release|Any CPU
		{AE69D17B-F2D7-45B4-A939-B8CB279EE498}.Release|Any CPU.Build.0 = Release|Any CPU
		{AE69D17B-F2D7-45B4-A939-B8CB279EE498}.Release|x64.ActiveCfg = Release|Any CPU
		{AE69D17B-F2D7-45B4-A939-B8CB279EE498}.Release|x64.Build.0 = Release|Any CPU
		{AE69D17B-F2D7-45B4-A939-B8CB279EE498}.Release|x86.ActiveCfg = Release|Any CPU
		{AE69D17B-F2D7-45B4-A939-B8CB279EE498}.Release|x86.Build.0 = Release|Any CPU
		{9A5ED4B0-D3FC-4A9B-BEE6-AB2B3331066A}.Debug|Any CPU.ActiveCfg = Debug|Any CPU
		{9A5ED4B0-D3FC-4A9B-BEE6-AB2B3331066A}.Debug|Any CPU.Build.0 = Debug|Any CPU
		{9A5ED4B0-D3FC-4A9B-BEE6-AB2B3331066A}.Debug|x64.ActiveCfg = Debug|Any CPU
		{9A5ED4B0-D3FC-4A9B-BEE6-AB2B3331066A}.Debug|x64.Build.0 = Debug|Any CPU
		{9A5ED4B0-D3FC-4A9B-BEE6-AB2B3331066A}.Debug|x86.ActiveCfg = Debug|Any CPU
		{9A5ED4B0-D3FC-4A9B-BEE6-AB2B3331066A}.Debug|x86.Build.0 = Debug|Any CPU
		{9A5ED4B0-D3FC-4A9B-BEE6-AB2B3331066A}.Release|Any CPU.ActiveCfg = Release|Any CPU
		{9A5ED4B0-D3FC-4A9B-BEE6-AB2B3331066A}.Release|Any CPU.Build.0 = Release|Any CPU
		{9A5ED4B0-D3FC-4A9B-BEE6-AB2B3331066A}.Release|x64.ActiveCfg = Release|Any CPU
		{9A5ED4B0-D3FC-4A9B-BEE6-AB2B3331066A}.Release|x64.Build.0 = Release|Any CPU
		{9A5ED4B0-D3FC-4A9B-BEE6-AB2B3331066A}.Release|x86.ActiveCfg = Release|Any CPU
		{9A5ED4B0-D3FC-4A9B-BEE6-AB2B3331066A}.Release|x86.Build.0 = Release|Any CPU
		{23718A61-01CF-4908-AF5F-0B7BAE08279A}.Debug|Any CPU.ActiveCfg = Debug|Any CPU
		{23718A61-01CF-4908-AF5F-0B7BAE08279A}.Debug|Any CPU.Build.0 = Debug|Any CPU
		{23718A61-01CF-4908-AF5F-0B7BAE08279A}.Debug|x64.ActiveCfg = Debug|Any CPU
		{23718A61-01CF-4908-AF5F-0B7BAE08279A}.Debug|x64.Build.0 = Debug|Any CPU
		{23718A61-01CF-4908-AF5F-0B7BAE08279A}.Debug|x86.ActiveCfg = Debug|Any CPU
		{23718A61-01CF-4908-AF5F-0B7BAE08279A}.Debug|x86.Build.0 = Debug|Any CPU
		{23718A61-01CF-4908-AF5F-0B7BAE08279A}.Release|Any CPU.ActiveCfg = Release|Any CPU
		{23718A61-01CF-4908-AF5F-0B7BAE08279A}.Release|Any CPU.Build.0 = Release|Any CPU
		{23718A61-01CF-4908-AF5F-0B7BAE08279A}.Release|x64.ActiveCfg = Release|Any CPU
		{23718A61-01CF-4908-AF5F-0B7BAE08279A}.Release|x64.Build.0 = Release|Any CPU
		{23718A61-01CF-4908-AF5F-0B7BAE08279A}.Release|x86.ActiveCfg = Release|Any CPU
		{23718A61-01CF-4908-AF5F-0B7BAE08279A}.Release|x86.Build.0 = Release|Any CPU
		{F9E705E9-B467-43F2-A2D6-3D4F2FB23795}.Debug|Any CPU.ActiveCfg = Debug|Any CPU
		{F9E705E9-B467-43F2-A2D6-3D4F2FB23795}.Debug|Any CPU.Build.0 = Debug|Any CPU
		{F9E705E9-B467-43F2-A2D6-3D4F2FB23795}.Debug|x64.ActiveCfg = Debug|Any CPU
		{F9E705E9-B467-43F2-A2D6-3D4F2FB23795}.Debug|x64.Build.0 = Debug|Any CPU
		{F9E705E9-B467-43F2-A2D6-3D4F2FB23795}.Debug|x86.ActiveCfg = Debug|Any CPU
		{F9E705E9-B467-43F2-A2D6-3D4F2FB23795}.Debug|x86.Build.0 = Debug|Any CPU
		{F9E705E9-B467-43F2-A2D6-3D4F2FB23795}.Release|Any CPU.ActiveCfg = Release|Any CPU
		{F9E705E9-B467-43F2-A2D6-3D4F2FB23795}.Release|Any CPU.Build.0 = Release|Any CPU
		{F9E705E9-B467-43F2-A2D6-3D4F2FB23795}.Release|x64.ActiveCfg = Release|Any CPU
		{F9E705E9-B467-43F2-A2D6-3D4F2FB23795}.Release|x64.Build.0 = Release|Any CPU
		{F9E705E9-B467-43F2-A2D6-3D4F2FB23795}.Release|x86.ActiveCfg = Release|Any CPU
		{F9E705E9-B467-43F2-A2D6-3D4F2FB23795}.Release|x86.Build.0 = Release|Any CPU
	EndGlobalSection
EndGlobal
